
Microsoft Visual Studio Solution File, Format Version 12.00
# Visual Studio Version 17
VisualStudioVersion = 17.9.34723.18
MinimumVisualStudioVersion = 10.0.40219.1
Project("{FAE04EC0-301F-11D3-BF4B-00C04F79EFBC}") = "BookStore", "BookStore\BookStore.csproj", "{7E0E206E-B5E7-4742-AD47-D23EEECBE17B}"
EndProject
Global
	GlobalSection(SolutionConfigurationPlatforms) = preSolution
		Debug|Any CPU = Debug|Any CPU
		Release|Any CPU = Release|Any CPU
	EndGlobalSection
	GlobalSection(ProjectConfigurationPlatforms) = postSolution
		{7E0E206E-B5E7-4742-AD47-D23EEECBE17B}.Debug|Any CPU.ActiveCfg = Debug|Any CPU
		{7E0E206E-B5E7-4742-AD47-D23EEECBE17B}.Debug|Any CPU.Build.0 = Debug|Any CPU
		{7E0E206E-B5E7-4742-AD47-D23EEECBE17B}.Release|Any CPU.ActiveCfg = Release|Any CPU
		{7E0E206E-B5E7-4742-AD47-D23EEECBE17B}.Release|Any CPU.Build.0 = Release|Any CPU
	EndGlobalSection
	GlobalSection(SolutionProperties) = preSolution
		HideSolutionNode = FALSE
	EndGlobalSection
	GlobalSection(ExtensibilityGlobals) = postSolution
		SolutionGuid = {FE32B7E1-CF64-4CA0-9147-BAD491F5ABFA}
	EndGlobalSection
EndGlobal
